
Microsoft Visual Studio Solution File, Format Version 12.00
# Visual Studio Version 17
VisualStudioVersion = 17.10.35027.167
MinimumVisualStudioVersion = 10.0.40219.1
Project("{FAE04EC0-301F-11D3-BF4B-00C04F79EFBC}") = "BulkyWeb", "BulkyWeb\BulkyWeb.csproj", "{A2F29471-613E-4079-9670-2992641076F8}"
EndProject
Global
	GlobalSection(SolutionConfigurationPlatforms) = preSolution
		Debug|Any CPU = Debug|Any CPU
		Release|Any CPU = Release|Any CPU
	EndGlobalSection
	GlobalSection(ProjectConfigurationPlatforms) = postSolution
		{A2F29471-613E-4079-9670-2992641076F8}.Debug|Any CPU.ActiveCfg = Debug|Any CPU
		{A2F29471-613E-4079-9670-2992641076F8}.Debug|Any CPU.Build.0 = Debug|Any CPU
		{A2F29471-613E-4079-9670-2992641076F8}.Release|Any CPU.ActiveCfg = Release|Any CPU
		{A2F29471-613E-4079-9670-2992641076F8}.Release|Any CPU.Build.0 = Release|Any CPU
	EndGlobalSection
	GlobalSection(SolutionProperties) = preSolution
		HideSolutionNode = FALSE
	EndGlobalSection
	GlobalSection(ExtensibilityGlobals) = postSolution
		SolutionGuid = {0A0295BE-576F-4AAD-A556-0ECABA6079B2}
	EndGlobalSection
EndGlobal
